{
  "dependencies": {
    "elasticsearch": {
      "version": "http://registry.npmjs.org/elasticsearch/-/elasticsearch-2.2.0.tgz",
      "dependencies": {
        "chalk": {
          "version": "http://registry.npmjs.org/chalk/-/chalk-0.4.0.tgz",
          "dependencies": {
            "has-color": {
              "version": "http://registry.npmjs.org/has-color/-/has-color-0.1.7.tgz"
            },
            "ansi-styles": {
              "version": "http://registry.npmjs.org/ansi-styles/-/ansi-styles-1.0.0.tgz"
            },
            "strip-ansi": {
              "version": "http://registry.npmjs.org/strip-ansi/-/strip-ansi-0.1.1.tgz"
            }
          }
        },
        "forever-agent": {
          "version": "http://registry.npmjs.org/forever-agent/-/forever-agent-0.5.2.tgz"
        },
        "lodash-node": {
          "version": "http://registry.npmjs.org/lodash-node/-/lodash-node-2.4.1.tgz"
        },
        "bluebird": {
          "version": "http://registry.npmjs.org/bluebird/-/bluebird-1.2.4.tgz"
        }
      }
    }
  }
}
